
Microsoft Visual Studio Solution File, Format Version 12.00
# Visual Studio Version 17
VisualStudioVersion = 17.5.002.0
MinimumVisualStudioVersion = 10.0.40219.1
Project("{9A19103F-16F7-4668-BE54-9A1E7A4F7556}") = "C#_language", "C#_language.csproj", "{FE05AB8F-F4E4-4207-88EA-4EB179FE7B0A}"
EndProject
Global
	GlobalSection(SolutionConfigurationPlatforms) = preSolution
		Debug|Any CPU = Debug|Any CPU
		Release|Any CPU = Release|Any CPU
	EndGlobalSection
	GlobalSection(ProjectConfigurationPlatforms) = postSolution
		{FE05AB8F-F4E4-4207-88EA-4EB179FE7B0A}.Debug|Any CPU.ActiveCfg = Debug|Any CPU
		{FE05AB8F-F4E4-4207-88EA-4EB179FE7B0A}.Debug|Any CPU.Build.0 = Debug|Any CPU
		{FE05AB8F-F4E4-4207-88EA-4EB179FE7B0A}.Release|Any CPU.ActiveCfg = Release|Any CPU
		{FE05AB8F-F4E4-4207-88EA-4EB179FE7B0A}.Release|Any CPU.Build.0 = Release|Any CPU
	EndGlobalSection
	GlobalSection(SolutionProperties) = preSolution
		HideSolutionNode = FALSE
	EndGlobalSection
	GlobalSection(ExtensibilityGlobals) = postSolution
		SolutionGuid = {8F37A4A8-48CB-4366-A567-BC7804DA237E}
	EndGlobalSection
EndGlobal
